
Microsoft Visual Studio Solution File, Format Version 12.00
# Visual Studio 15
VisualStudioVersion = 15.0.28010.2046
MinimumVisualStudioVersion = 10.0.40219.1
Project("{FAE04EC0-301F-11D3-BF4B-00C04F79EFBC}") = "NFSDebug", "NFSDebug\NFSDebug.csproj", "{05125052-6DB4-47B5-83D6-441725BD7334}"
EndProject
Project("{FAE04EC0-301F-11D3-BF4B-00C04F79EFBC}") = "MemoryToolkit", "..\MemoryToolkit\MemoryToolkit\MemoryToolkit.csproj", "{FFD413BD-D99A-4E6E-9A74-298C59898A00}"
EndProject
Global
	GlobalSection(SolutionConfigurationPlatforms) = preSolution
		Debug|x64 = Debug|x64
		Debug|x86 = Debug|x86
		Release|x64 = Release|x64
		Release|x86 = Release|x86
	EndGlobalSection
	GlobalSection(ProjectConfigurationPlatforms) = postSolution
		{05125052-6DB4-47B5-83D6-441725BD7334}.Debug|x64.ActiveCfg = Debug|x64
		{05125052-6DB4-47B5-83D6-441725BD7334}.Debug|x64.Build.0 = Debug|x64
		{05125052-6DB4-47B5-83D6-441725BD7334}.Debug|x86.ActiveCfg = Debug|x86
		{05125052-6DB4-47B5-83D6-441725BD7334}.Debug|x86.Build.0 = Debug|x86
		{05125052-6DB4-47B5-83D6-441725BD7334}.Release|x64.ActiveCfg = Release|x64
		{05125052-6DB4-47B5-83D6-441725BD7334}.Release|x64.Build.0 = Release|x64
		{05125052-6DB4-47B5-83D6-441725BD7334}.Release|x86.ActiveCfg = Release|x86
		{05125052-6DB4-47B5-83D6-441725BD7334}.Release|x86.Build.0 = Release|x86
		{FFD413BD-D99A-4E6E-9A74-298C59898A00}.Debug|x64.ActiveCfg = Debug|x64
		{FFD413BD-D99A-4E6E-9A74-298C59898A00}.Debug|x64.Build.0 = Debug|x64
		{FFD413BD-D99A-4E6E-9A74-298C59898A00}.Debug|x86.ActiveCfg = Debug|x86
		{FFD413BD-D99A-4E6E-9A74-298C59898A00}.Debug|x86.Build.0 = Debug|x86
		{FFD413BD-D99A-4E6E-9A74-298C59898A00}.Release|x64.ActiveCfg = Release|x64
		{FFD413BD-D99A-4E6E-9A74-298C59898A00}.Release|x64.Build.0 = Release|x64
		{FFD413BD-D99A-4E6E-9A74-298C59898A00}.Release|x86.ActiveCfg = Release|x86
		{FFD413BD-D99A-4E6E-9A74-298C59898A00}.Release|x86.Build.0 = Release|x86
	EndGlobalSection
	GlobalSection(SolutionProperties) = preSolution
		HideSolutionNode = FALSE
	EndGlobalSection
	GlobalSection(ExtensibilityGlobals) = postSolution
		SolutionGuid = {080BFB0D-B97F-47A5-9679-E5579A1BD393}
	EndGlobalSection
EndGlobal
